
Microsoft Visual Studio Solution File, Format Version 12.00
# Visual Studio 15
VisualStudioVersion = 15.0.28010.0
MinimumVisualStudioVersion = 10.0.40219.1
Project("{FAE04EC0-301F-11D3-BF4B-00C04F79EFBC}") = "TestSpWithAdo", "TestSpWithEf\TestSpWithAdo.csproj", "{0EA863B3-40EF-4729-8652-D0B725368598}"
EndProject
Project("{FAE04EC0-301F-11D3-BF4B-00C04F79EFBC}") = "Data", "Data\Data.csproj", "{A091C2A4-F48B-4305-95FF-4442836BB85C}"
EndProject
Project("{FAE04EC0-301F-11D3-BF4B-00C04F79EFBC}") = "Business", "Business\Business.csproj", "{71F7A467-A2F3-43F7-843F-216162F00102}"
EndProject
Global
	GlobalSection(SolutionConfigurationPlatforms) = preSolution
		Debug|Any CPU = Debug|Any CPU
		Release|Any CPU = Release|Any CPU
	EndGlobalSection
	GlobalSection(ProjectConfigurationPlatforms) = postSolution
		{0EA863B3-40EF-4729-8652-D0B725368598}.Debug|Any CPU.ActiveCfg = Debug|Any CPU
		{0EA863B3-40EF-4729-8652-D0B725368598}.Debug|Any CPU.Build.0 = Debug|Any CPU
		{0EA863B3-40EF-4729-8652-D0B725368598}.Release|Any CPU.ActiveCfg = Release|Any CPU
		{0EA863B3-40EF-4729-8652-D0B725368598}.Release|Any CPU.Build.0 = Release|Any CPU
		{A091C2A4-F48B-4305-95FF-4442836BB85C}.Debug|Any CPU.ActiveCfg = Debug|Any CPU
		{A091C2A4-F48B-4305-95FF-4442836BB85C}.Debug|Any CPU.Build.0 = Debug|Any CPU
		{A091C2A4-F48B-4305-95FF-4442836BB85C}.Release|Any CPU.ActiveCfg = Release|Any CPU
		{A091C2A4-F48B-4305-95FF-4442836BB85C}.Release|Any CPU.Build.0 = Release|Any CPU
		{71F7A467-A2F3-43F7-843F-216162F00102}.Debug|Any CPU.ActiveCfg = Debug|Any CPU
		{71F7A467-A2F3-43F7-843F-216162F00102}.Debug|Any CPU.Build.0 = Debug|Any CPU
		{71F7A467-A2F3-43F7-843F-216162F00102}.Release|Any CPU.ActiveCfg = Release|Any CPU
		{71F7A467-A2F3-43F7-843F-216162F00102}.Release|Any CPU.Build.0 = Release|Any CPU
	EndGlobalSection
	GlobalSection(SolutionProperties) = preSolution
		HideSolutionNode = FALSE
	EndGlobalSection
	GlobalSection(ExtensibilityGlobals) = postSolution
		SolutionGuid = {830D3A17-63CB-4600-B4D8-057314E72F84}
	EndGlobalSection
EndGlobal
